
Microsoft Visual Studio Solution File, Format Version 12.00
# Visual Studio Version 17
VisualStudioVersion = 17.9.34714.143
MinimumVisualStudioVersion = 10.0.40219.1
Project("{FAE04EC0-301F-11D3-BF4B-00C04F79EFBC}") = "Api Tutorial 2", "Api Tutorial 2\Api Tutorial 2.csproj", "{66D86303-367A-43AA-A708-F220542F6E11}"
EndProject
Global
	GlobalSection(SolutionConfigurationPlatforms) = preSolution
		Debug|Any CPU = Debug|Any CPU
		Release|Any CPU = Release|Any CPU
	EndGlobalSection
	GlobalSection(ProjectConfigurationPlatforms) = postSolution
		{66D86303-367A-43AA-A708-F220542F6E11}.Debug|Any CPU.ActiveCfg = Debug|Any CPU
		{66D86303-367A-43AA-A708-F220542F6E11}.Debug|Any CPU.Build.0 = Debug|Any CPU
		{66D86303-367A-43AA-A708-F220542F6E11}.Release|Any CPU.ActiveCfg = Release|Any CPU
		{66D86303-367A-43AA-A708-F220542F6E11}.Release|Any CPU.Build.0 = Release|Any CPU
	EndGlobalSection
	GlobalSection(SolutionProperties) = preSolution
		HideSolutionNode = FALSE
	EndGlobalSection
	GlobalSection(ExtensibilityGlobals) = postSolution
		SolutionGuid = {2BF3A362-2040-45EF-9CA6-1D3EF24ACED9}
	EndGlobalSection
EndGlobal
